
Microsoft Visual Studio Solution File, Format Version 12.00
# Visual Studio 14
VisualStudioVersion = 14.0.25420.1
MinimumVisualStudioVersion = 10.0.40219.1
Project("{2150E333-8FDC-42A3-9474-1A3956D46DE8}") = "src", "src", "{19AFFDF2-BF27-414E-9689-1DAFD81926EA}"
EndProject
Project("{2150E333-8FDC-42A3-9474-1A3956D46DE8}") = "Solution Items", "Solution Items", "{92784EB0-AE48-421E-B1A9-6CC9F3D8D550}"
	ProjectSection(SolutionItems) = preProject
		global.json = global.json
	EndProjectSection
EndProject
Project("{8BB2217D-0F2D-49D1-97BC-3654ED321F3B}") = "GctgsWeb", "src\GctgsWeb\GctgsWeb.xproj", "{EDA90E61-6E26-4C59-A558-B5EDFDAC71CB}"
EndProject
Global
	GlobalSection(SolutionConfigurationPlatforms) = preSolution
		Debug|Any CPU = Debug|Any CPU
		Release|Any CPU = Release|Any CPU
	EndGlobalSection
	GlobalSection(ProjectConfigurationPlatforms) = postSolution
		{EDA90E61-6E26-4C59-A558-B5EDFDAC71CB}.Debug|Any CPU.ActiveCfg = Debug|Any CPU
		{EDA90E61-6E26-4C59-A558-B5EDFDAC71CB}.Debug|Any CPU.Build.0 = Debug|Any CPU
		{EDA90E61-6E26-4C59-A558-B5EDFDAC71CB}.Release|Any CPU.ActiveCfg = Release|Any CPU
		{EDA90E61-6E26-4C59-A558-B5EDFDAC71CB}.Release|Any CPU.Build.0 = Release|Any CPU
	EndGlobalSection
	GlobalSection(SolutionProperties) = preSolution
		HideSolutionNode = FALSE
	EndGlobalSection
	GlobalSection(NestedProjects) = preSolution
		{EDA90E61-6E26-4C59-A558-B5EDFDAC71CB} = {19AFFDF2-BF27-414E-9689-1DAFD81926EA}
	EndGlobalSection
EndGlobal
